
Microsoft Visual Studio Solution File, Format Version 12.00
Project("{FAE04EC0-301F-11D3-BF4B-00C04F79EFBC}") = "notification-service.api", "notification-service.api\notification-service.api.csproj", "{EC4FD8FE-E32C-4BBF-B97E-74D530A454D5}"
EndProject
Global
	GlobalSection(SolutionConfigurationPlatforms) = preSolution
		Debug|Any CPU = Debug|Any CPU
		Release|Any CPU = Release|Any CPU
	EndGlobalSection
	GlobalSection(ProjectConfigurationPlatforms) = postSolution
		{EC4FD8FE-E32C-4BBF-B97E-74D530A454D5}.Debug|Any CPU.ActiveCfg = Debug|Any CPU
		{EC4FD8FE-E32C-4BBF-B97E-74D530A454D5}.Debug|Any CPU.Build.0 = Debug|Any CPU
		{EC4FD8FE-E32C-4BBF-B97E-74D530A454D5}.Release|Any CPU.ActiveCfg = Release|Any CPU
		{EC4FD8FE-E32C-4BBF-B97E-74D530A454D5}.Release|Any CPU.Build.0 = Release|Any CPU
	EndGlobalSection
EndGlobal
